// !$*UTF8*$!
{
	archiveVersion = 1;
	classes = {
	};
	objectVersion = 46;
	objects = {

/* Begin PBXBuildFile section */
		C07534131CB4796900DD8703 /* AppDelegate.swift in Sources */ = {isa = PBXBuildFile; fileRef = C07534121CB4796900DD8703 /* AppDelegate.swift */; };
		C07534151CB4796900DD8703 /* ViewController.swift in Sources */ = {isa = PBXBuildFile; fileRef = C07534141CB4796900DD8703 /* ViewController.swift */; };
		C07534181CB4796900DD8703 /* Main.storyboard in Resources */ = {isa = PBXBuildFile; fileRef = C07534161CB4796900DD8703 /* Main.storyboard */; };
		C075341A1CB4796900DD8703 /* Assets.xcassets in Resources */ = {isa = PBXBuildFile; fileRef = C07534191CB4796900DD8703 /* Assets.xcassets */; };
		C075341D1CB4796900DD8703 /* LaunchScreen.storyboard in Resources */ = {isa = PBXBuildFile; fileRef = C075341B1CB4796900DD8703 /* LaunchScreen.storyboard */; };
/* End PBXBuildFile section */

/* Begin PBXFileReference section */
		C075340F1CB4796900DD8703 /* SimpleWebView.app */ = {isa = PBXFileReference; explicitFileType = wrapper.application; includeInIndex = 0; path = SimpleWebView.app; sourceTree = BUILT_PRODUCTS_DIR; };
		C07534121CB4796900DD8703 /* AppDelegate.swift */ = {isa = PBXFileReference; lastKnownFileType = sourcecode.swift; path = AppDelegate.swift; sourceTree = "<group>"; };
		C07534141CB4796900DD8703 /* ViewController.swift */ = {isa = PBXFileReference; lastKnownFileType = sourcecode.swift; path = ViewController.swift; sourceTree = "<group>"; };
		C07534171CB4796900DD8703 /* Base */ = {isa = PBXFileReference; lastKnownFileType = file.storyboard; name = Base; path = Base.lproj/Main.storyboard; sourceTree = "<group>"; };
		C07534191CB4796900DD8703 /* Assets.xcassets */ = {isa = PBXFileReference; lastKnownFileType = folder.assetcatalog; path = Assets.xcassets; sourceTree = "<group>"; };
		C075341C1CB4796900DD8703 /* Base */ = {isa = PBXFileReference; lastKnownFileType = file.storyboard; name = Base; path = Base.lproj/LaunchScreen.storyboard; sourceTree = "<group>"; };
		C075341E1CB4796900DD8703 /* Info.plist */ = {isa = PBXFileReference; lastKnownFileType = text.plist.xml; path = Info.plist; sourceTree = "<group>"; };
/* End PBXFileReference section */

/* Begin PBXFrameworksBuildPhase section */
		C075340C1CB4796900DD8703 /* Frameworks */ = {
			isa = PBXFrameworksBuildPhase;
			buildActionMask = 2147483647;
			files = (
			);
			runOnlyForDeploymentPostprocessing = 0;
		};
/* End PBXFrameworksBuildPhase section */

/* Begin PBXGroup section */
		C07534061CB4796900DD8703 = {
			isa = PBXGroup;
			children = (
				C07534111CB4796900DD8703 /* SimpleWebView */,
				C07534101CB4796900DD8703 /* Products */,
			);
			sourceTree = "<group>";
		};
		C07534101CB4796900DD8703 /* Products */ = {
			isa = PBXGroup;
			children = (
				C075340F1CB4796900DD8703 /* SimpleWebView.app */,
			);
			name = Products;
			sourceTree = "<group>";
		};
		C07534111CB4796900DD8703 /* SimpleWebView */ = {
			isa = PBXGroup;
			children = (
				C07534121CB4796900DD8703 /* AppDelegate.swift */,
				C07534141CB4796900DD8703 /* ViewController.swift */,
				C07534161CB4796900DD8703 /* Main.storyboard */,
				C07534191CB4796900DD8703 /* Assets.xcassets */,
				C075341B1CB4796900DD8703 /* LaunchScreen.storyboard */,
				C075341E1CB4796900DD8703 /* Info.plist */,
			);
			path = SimpleWebView;
			sourceTree = "<group>";
		};
/* End PBXGroup section */

/* Begin PBXNativeTarget section */
		C075340E1CB4796900DD8703 /* SimpleWebView */ = {
			isa = PBXNativeTarget;
			buildConfigurationList = C07534211CB4796900DD8703 /* Build configuration list for PBXNativeTarget "SimpleWebView" */;
			buildPhases = (
				C075340B1CB4796900DD8703 /* Sources */,
				C075340C1CB4796900DD8703 /* Frameworks */,
				C075340D1CB4796900DD8703 /* Resources */,
			);
			buildRules = (
			);
			dependencies = (
			);
			name = SimpleWebView;
			productName = SimpleWebView;
			productReference = C075340F1CB4796900DD8703 /* SimpleWebView.app */;
			productType = "com.apple.product-type.application";
		};
/* End PBXNativeTarget section */

/* Begin PBXProject section */
		C07534071CB4796900DD8703 /* Project object */ = {
			isa = PBXProject;
			attributes = {
				LastSwiftUpdateCheck = 0730;
				LastUpgradeCheck = 0730;
				ORGANIZATIONNAME = sojiwritescode;
				TargetAttributes = {
					C075340E1CB4796900DD8703 = {
						CreatedOnToolsVersion = 7.3;
					};
				};
			};
			buildConfigurationList = C075340A1CB4796900DD8703 /* Build configuration list for PBXProject "SimpleWebView" */;
			compatibilityVersion = "Xcode 3.2";
			developmentRegion = English;
			hasScannedForEncodings = 0;
			knownRegions = (
				en,
				Base,
			);
			mainGroup = C07534061CB4796900DD8703;
			productRefGroup = C07534101CB4796900DD8703 /* Products */;
			projectDirPath = "";
			projectRoot = "";
			targets = (
				C075340E1CB4796900DD8703 /* SimpleWebView */,
			);
		};
/* End PBXProject section */

/* Begin PBXResourcesBuildPhase section */
		C075340D1CB4796900DD8703 /* Resources */ = {
			isa = PBXResourcesBuildPhase;
			buildActionMask = 2147483647;
			files = (
				C075341D1CB4796900DD8703 /* LaunchScreen.storyboard in Resources */,
				C075341A1CB4796900DD8703 /* Assets.xcassets in Resources */,
				C07534181CB4796900DD8703 /* Main.storyboard in Resources */,
			);
			runOnlyForDeploymentPostprocessing = 0;
		};
/* End PBXResourcesBuildPhase section */

/* Begin PBXSourcesBuildPhase section */
		C075340B1CB4796900DD8703 /* Sources */ = {
			isa = PBXSourcesBuildPhase;
			buildActionMask = 2147483647;
			files = (
				C07534151CB4796900DD8703 /* ViewController.swift in Sources */,
				C07534131CB4796900DD8703 /* AppDelegate.swift in Sources */,
			);
			runOnlyForDeploymentPostprocessing = 0;
		};
/* End PBXSourcesBuildPhase section */

/* Begin PBXVariantGroup section */
		C07534161CB4796900DD8703 /* Main.storyboard */ = {
			isa = PBXVariantGroup;
			children = (
				C07534171CB4796900DD8703 /* Base */,
			);
			name = Main.storyboard;
			sourceTree = "<group>";
		};
		C075341B1CB4796900DD8703 /* LaunchScreen.storyboard */ = {
			isa = PBXVariantGroup;
			children = (
				C075341C1CB4796900DD8703 /* Base */,
			);
			name = LaunchScreen.storyboard;
			sourceTree = "<group>";
		};
/* End PBXVariantGroup section */

/* Begin XCBuildConfiguration section */
		C075341F1CB4796900DD8703 /* Debug */ = {
			isa = XCBuildConfiguration;
			buildSettings = {
				ALWAYS_SEARCH_USER_PATHS = NO;
				CLANG_ANALYZER_NONNULL = YES;
				CLANG_CXX_LANGUAGE_STANDARD = "gnu++0x";
				CLANG_CXX_LIBRARY = "libc++";
				CLANG_ENABLE_MODULES = YES;
				CLANG_ENABLE_OBJC_ARC = YES;
				CLANG_WARN_BOOL_CONVERSION = YES;
				CLANG_WARN_CONSTANT_CONVERSION = YES;
				CLANG_WARN_DIRECT_OBJC_ISA_USAGE = YES_ERROR;
				CLANG_WARN_EMPTY_BODY = YES;
				CLANG_WARN_ENUM_CONVERSION = YES;
				CLANG_WARN_INT_CONVERSION = YES;
				CLANG_WARN_OBJC_ROOT_CLASS = YES_ERROR;
				CLANG_WARN_UNREACHABLE_CODE = YES;
				CLANG_WARN__DUPLICATE_METHOD_MATCH = YES;
				"CODE_SIGN_IDENTITY[sdk=iphoneos*]" = "iPhone Developer";
				COPY_PHASE_STRIP = NO;
				DEBUG_INFORMATION_FORMAT = dwarf;
				ENABLE_STRICT_OBJC_MSGSEND = YES;
				ENABLE_TESTABILITY = YES;
				GCC_C_LANGUAGE_STANDARD = gnu99;
				GCC_DYNAMIC_NO_PIC = NO;
				GCC_NO_COMMON_BLOCKS = YES;
				GCC_OPTIMIZATION_LEVEL = 0;
				GCC_PREPROCESSOR_DEFINITIONS = (
					"DEBUG=1",
					"$(inherited)",
				);
				GCC_WARN_64_TO_32_BIT_CONVERSION = YES;
				GCC_WARN_ABOUT_RETURN_TYPE = YES_ERROR;
				GCC_WARN_UNDECLARED_SELECTOR = YES;
				GCC_WARN_UNINITIALIZED_AUTOS = YES_AGGRESSIVE;
				GCC_WARN_UNUSED_FUNCTION = YES;
				GCC_WARN_UNUSED_VARIABLE = YES;
				IPHONEOS_DEPLOYMENT_TARGET = 9.3;
				MTL_ENABLE_DEBUG_INFO = YES;
				ONLY_ACTIVE_ARCH = YES;
				SDKROOT = iphoneos;
				SWIFT_OPTIMIZATION_LEVEL = "-Onone";
				TARGETED_DEVICE_FAMILY = "1,2";
			};
			name = Debug;
		};
		C07534201CB4796900DD8703 /* Release */ = {
			isa = XCBuildConfiguration;
			buildSettings = {
				ALWAYS_SEARCH_USER_PATHS = NO;
				CLANG_ANALYZER_NONNULL = YES;
				CLANG_CXX_LANGUAGE_STANDARD = "gnu++0x";
				CLANG_CXX_LIBRARY = "libc++";
				CLANG_ENABLE_MODULES = YES;
				CLANG_ENABLE_OBJC_ARC = YES;
				CLANG_WARN_BOOL_CONVERSION = YES;
				CLANG_WARN_CONSTANT_CONVERSION = YES;
				CLANG_WARN_DIRECT_OBJC_ISA_USAGE = YES_ERROR;
				CLANG_WARN_EMPTY_BODY = YES;
				CLANG_WARN_ENUM_CONVERSION = YES;
				CLANG_WARN_INT_CONVERSION = YES;
				CLANG_WARN_OBJC_ROOT_CLASS = YES_ERROR;
				CLANG_WARN_UNREACHABLE_CODE = YES;
				CLANG_WARN__DUPLICATE_METHOD_MATCH = YES;
				"CODE_SIGN_IDENTITY[sdk=iphoneos*]" = "iPhone Developer";
				COPY_PHASE_STRIP = NO;
				DEBUG_INFORMATION_FORMAT = "dwarf-with-dsym";
				ENABLE_NS_ASSERTIONS = NO;
				ENABLE_STRICT_OBJC_MSGSEND = YES;
				GCC_C_LANGUAGE_STANDARD = gnu99;
				GCC_NO_COMMON_BLOCKS = YES;
				GCC_WARN_64_TO_32_BIT_CONVERSION = YES;
				GCC_WARN_ABOUT_RETURN_TYPE = YES_ERROR;
				GCC_WARN_UNDECLARED_SELECTOR = YES;
				GCC_WARN_UNINITIALIZED_AUTOS = YES_AGGRESSIVE;
				GCC_WARN_UNUSED_FUNCTION = YES;
				GCC_WARN_UNUSED_VARIABLE = YES;
				IPHONEOS_DEPLOYMENT_TARGET = 9.3;
				MTL_ENABLE_DEBUG_INFO = NO;
				SDKROOT = iphoneos;
				TARGETED_DEVICE_FAMILY = "1,2";
				VALIDATE_PRODUCT = YES;
			};
			name = Release;
		};
		C07534221CB4796900DD8703 /* Debug */ = {
			isa = XCBuildConfiguration;
			buildSettings = {
				ASSETCATALOG_COMPILER_APPICON_NAME = AppIcon;
				INFOPLIST_FILE = SimpleWebView/Info.plist;
				LD_RUNPATH_SEARCH_PATHS = "$(inherited) @executable_path/Frameworks";
				PRODUCT_BUNDLE_IDENTIFIER = sojiwritescode.SimpleWebView;
				PRODUCT_NAME = "$(TARGET_NAME)";
			};
			name = Debug;
		};
		C07534231CB4796900DD8703 /* Release */ = {
			isa = XCBuildConfiguration;
			buildSettings = {
				ASSETCATALOG_COMPILER_APPICON_NAME = AppIcon;
				INFOPLIST_FILE = SimpleWebView/Info.plist;
				LD_RUNPATH_SEARCH_PATHS = "$(inherited) @executable_path/Frameworks";
				PRODUCT_BUNDLE_IDENTIFIER = sojiwritescode.SimpleWebView;
				PRODUCT_NAME = "$(TARGET_NAME)";
			};
			name = Release;
		};
/* End XCBuildConfiguration section */

/* Begin XCConfigurationList section */
		C075340A1CB4796900DD8703 /* Build configuration list for PBXProject "SimpleWebView" */ = {
			isa = XCConfigurationList;
			buildConfigurations = (
				C075341F1CB4796900DD8703 /* Debug */,
				C07534201CB4796900DD8703 /* Release */,
			);
			defaultConfigurationIsVisible = 0;
			defaultConfigurationName = Release;
		};
		C07534211CB4796900DD8703 /* Build configuration list for PBXNativeTarget "SimpleWebView" */ = {
			isa = XCConfigurationList;
			buildConfigurations = (
				C07534221CB4796900DD8703 /* Debug */,
				C07534231CB4796900DD8703 /* Release */,
			);
			defaultConfigurationIsVisible = 0;
		};
/* End XCConfigurationList section */
	};
	rootObject = C07534071CB4796900DD8703 /* Project object */;
}
